<?xml version="1.0" encoding="utf-8"?>
<Project ToolsVersion="4.0" xmlns="http://schemas.microsoft.com/developer/msbuild/2003">
  <ItemGroup>
    <Filter Include="Header Files">
      <UniqueIdentifier>{27282bdc-59ca-40b7-80d3-712c9a1d96c0}</UniqueIdentifier>
      <Extensions>h;hpp;hxx;hm;inl</Extensions>
    </Filter>
    <Filter Include="Header Files\Util">
      <UniqueIdentifier>{0bf61603-9de5-4bbc-bffb-228457e002de}</UniqueIdentifier>
    </Filter>
    <Filter Include="Docs">
      <UniqueIdentifier>{e50ae51a-d7c6-4f5b-bee9-e2173c477e9b}</UniqueIdentifier>
    </Filter>
    <Filter Include="Libs">
      <UniqueIdentifier>{a138e0ab-0db7-4180-83cc-32f54e335684}</UniqueIdentifier>
    </Filter>
    <Filter Include="Libs\nvTT">
      <UniqueIdentifier>{267788a5-4820-4b64-b0af-1da59a49fd69}</UniqueIdentifier>
    </Filter>
    <Filter Include="Libs\FreeImage">
      <UniqueIdentifier>{af20475b-75ce-4843-a0ed-7c4f6bb7d6a8}</UniqueIdentifier>
    </Filter>
    <Filter Include="Libs\GimpDDS">
      <UniqueIdentifier>{3d1ebcae-5053-4a21-a1c4-c04d55d2d5bd}</UniqueIdentifier>
    </Filter>
    <Filter Include="Libs\EtcPack">
      <UniqueIdentifier>{ab831fae-3455-4bcd-ba7e-30146401b622}</UniqueIdentifier>
    </Filter>
    <Filter Include="Libs\atiTC">
      <UniqueIdentifier>{ded1786a-a0ea-4bd6-98eb-37280f9c9d72}</UniqueIdentifier>
    </Filter>
    <Filter Include="Libs\rg_etc1">
      <UniqueIdentifier>{5170dfb8-005b-44c6-b50f-b7ee597c1794}</UniqueIdentifier>
    </Filter>
    <Filter Include="Libs\CrnLib">
      <UniqueIdentifier>{878b95de-94d7-4e01-ad86-49b6f3c22ae0}</UniqueIdentifier>
    </Filter>
    <Filter Include="Libs\PVRTexTool">
      <UniqueIdentifier>{8a879602-71b1-441a-9b8e-1642ce3e8777}</UniqueIdentifier>
    </Filter>
    <Filter Include="Libs\PVRTexTool\inc">
      <UniqueIdentifier>{49429c20-ba17-4a13-ac10-0fd24853e9b6}</UniqueIdentifier>
    </Filter>
    <Filter Include="Libs\OmniLib">
      <UniqueIdentifier>{d97ea7c2-d4d3-4d6d-8dd1-a723f3265541}</UniqueIdentifier>
    </Filter>
    <Filter Include="Source Files">
      <UniqueIdentifier>{d799dae9-823a-43fa-8523-2fa8425edea1}</UniqueIdentifier>
      <Extensions>cpp;c;cxx;rc;def;r;odl;idl;hpj;bat</Extensions>
    </Filter>
    <Filter Include="Source Files\Util">
      <UniqueIdentifier>{16866948-bf23-4620-aeb7-3e7e5e42e29b}</UniqueIdentifier>
    </Filter>
    <Filter Include="Libs\Etc2Comp">
      <UniqueIdentifier>{bf977707-8472-40ff-8864-a5e56cd20980}</UniqueIdentifier>
    </Filter>
    <Filter Include="Libs\Etc2Comp\Etc">
      <UniqueIdentifier>{2af656d6-91ad-44b6-ab1c-d9f43eb554f2}</UniqueIdentifier>
    </Filter>
    <Filter Include="Libs\Etc2Comp\EtcCodec">
      <UniqueIdentifier>{896a8ae9-b0aa-4a67-ad0c-394614d3bd5e}</UniqueIdentifier>
    </Filter>
  </ItemGroup>
  <ItemGroup>
    <ClInclude Include="..\src\codec_dxt.h">
      <Filter>Header Files</Filter>
    </ClInclude>
    <ClInclude Include="..\src\codec_etc1.h">
      <Filter>Header Files</Filter>
    </ClInclude>
    <ClInclude Include="..\src\codec_etc2.h">
      <Filter>Header Files</Filter>
    </ClInclude>
    <ClInclude Include="..\src\codec_pvrtc.h">
      <Filter>Header Files</Filter>
    </ClInclude>
    <ClInclude Include="..\src\codec_pvrtc2.h">
      <Filter>Header Files</Filter>
    </ClInclude>
    <ClInclude Include="..\src\codec_unc.h">
      <Filter>Header Files</Filter>
    </ClInclude>
    <ClInclude Include="..\src\file_dds.h">
      <Filter>Header Files</Filter>
    </ClInclude>
    <ClInclude Include="..\src\file_ktx.h">
      <Filter>Header Files</Filter>
    </ClInclude>
    <ClInclude Include="..\src\fs.h">
      <Filter>Header Files</Filter>
    </ClInclude>
    <ClInclude Include="..\src\image.h">
      <Filter>Header Files</Filter>
    </ClInclude>
    <ClInclude Include="..\src\main.h">
      <Filter>Header Files</Filter>
    </ClInclude>
    <ClInclude Include="..\src\options.h">
      <Filter>Header Files</Filter>
    </ClInclude>
    <ClInclude Include="..\src\scale2x.h">
      <Filter>Header Files</Filter>
    </ClInclude>
    <ClInclude Include="..\src\scalexbr.h">
      <Filter>Header Files</Filter>
    </ClInclude>
    <ClInclude Include="..\src\tex.h">
      <Filter>Header Files</Filter>
    </ClInclude>
    <ClInclude Include="..\src\tex_compress.h">
      <Filter>Header Files</Filter>
    </ClInclude>
    <ClInclude Include="..\src\tex_decompress.h">
      <Filter>Header Files</Filter>
    </ClInclude>
    <ClInclude Include="..\src\tex_glformats.h">
      <Filter>Header Files</Filter>
    </ClInclude>
    <ClInclude Include="..\src\tool_atitc.h">
      <Filter>Header Files</Filter>
    </ClInclude>
    <ClInclude Include="..\src\tool_crunch.h">
      <Filter>Header Files</Filter>
    </ClInclude>
    <ClInclude Include="..\src\tool_etcpack.h">
      <Filter>Header Files</Filter>
    </ClInclude>
    <ClInclude Include="..\src\tool_gimp.h">
      <Filter>Header Files</Filter>
    </ClInclude>
    <ClInclude Include="..\src\tool_nvtt.h">
      <Filter>Header Files</Filter>
    </ClInclude>
    <ClInclude Include="..\src\tool_pvrtex.h">
      <Filter>Header Files</Filter>
    </ClInclude>
    <ClInclude Include="..\src\tool_rgetc1.h">
      <Filter>Header Files</Filter>
    </ClInclude>
    <ClInclude Include="..\src\tool_rwgtt.h">
      <Filter>Header Files</Filter>
    </ClInclude>
    <ClInclude Include="..\src\cmd.h">
      <Filter>Header Files\Util</Filter>
    </ClInclude>
    <ClInclude Include="..\src\crc32.h">
      <Filter>Header Files\Util</Filter>
    </ClInclude>
    <ClInclude Include="..\src\dll.h">
      <Filter>Header Files\Util</Filter>
    </ClInclude>
    <ClInclude Include="..\src\freeimage.h">
      <Filter>Header Files\Util</Filter>
    </ClInclude>
    <ClInclude Include="..\src\mem.h">
      <Filter>Header Files\Util</Filter>
    </ClInclude>
    <ClInclude Include="..\src\resource.h">
      <Filter>Header Files\Util</Filter>
    </ClInclude>
    <ClInclude Include="..\src\thread.h">
      <Filter>Header Files\Util</Filter>
    </ClInclude>
    <ClInclude Include="..\src\unzip.h">
      <Filter>Header Files\Util</Filter>
    </ClInclude>
    <ClInclude Include="..\src\zip.h">
      <Filter>Header Files\Util</Filter>
    </ClInclude>
    <ClInclude Include="..\libs\nvlibs\inc\nvtt.h">
      <Filter>Libs\nvTT</Filter>
    </ClInclude>
    <ClInclude Include="..\libs\nvlibs\inc\nvtt_wrapper.h">
      <Filter>Libs\nvTT</Filter>
    </ClInclude>
    <ClInclude Include="..\libs\freeimage\FreeImage.h">
      <Filter>Libs\FreeImage</Filter>
    </ClInclude>
    <ClInclude Include="..\libs\gimpdds\ddsplugin_lib.h">
      <Filter>Libs\GimpDDS</Filter>
    </ClInclude>
    <ClInclude Include="..\libs\etcpack\etcpack_lib.h">
      <Filter>Libs\EtcPack</Filter>
    </ClInclude>
    <ClInclude Include="..\libs\aticompress\inc\ATI_Compress.h">
      <Filter>Libs\atiTC</Filter>
    </ClInclude>
    <ClInclude Include="..\libs\aticompress\inc\ATI_Compress_Test_Helpers.h">
      <Filter>Libs\atiTC</Filter>
    </ClInclude>
    <ClInclude Include="..\libs\rg_etc1\rg_etc1.h">
      <Filter>Libs\rg_etc1</Filter>
    </ClInclude>
    <ClInclude Include="..\libs\crunch\inc\crn_decomp.h">
      <Filter>Libs\CrnLib</Filter>
    </ClInclude>
    <ClInclude Include="..\libs\crunch\inc\crnlib.h">
      <Filter>Libs\CrnLib</Filter>
    </ClInclude>
    <ClInclude Include="..\libs\crunch\inc\dds_defs.h">
      <Filter>Libs\CrnLib</Filter>
    </ClInclude>
    <ClInclude Include="..\libs\pvrtextool\pvrtextool_lib.h">
      <Filter>Libs\PVRTexTool</Filter>
    </ClInclude>
    <ClInclude Include="..\libs\pvrtextool\inc\PVRTArray.h">
      <Filter>Libs\PVRTexTool\inc</Filter>
    </ClInclude>
    <ClInclude Include="..\libs\pvrtextool\inc\PVRTDecompress.h">
      <Filter>Libs\PVRTexTool\inc</Filter>
    </ClInclude>
    <ClInclude Include="..\libs\pvrtextool\inc\PVRTError.h">
      <Filter>Libs\PVRTexTool\inc</Filter>
    </ClInclude>
    <ClInclude Include="..\libs\pvrtextool\inc\PVRTexture.h">
      <Filter>Libs\PVRTexTool\inc</Filter>
    </ClInclude>
    <ClInclude Include="..\libs\pvrtextool\inc\PVRTextureDefines.h">
      <Filter>Libs\PVRTexTool\inc</Filter>
    </ClInclude>
    <ClInclude Include="..\libs\pvrtextool\inc\PVRTextureFormat.h">
      <Filter>Libs\PVRTexTool\inc</Filter>
    </ClInclude>
    <ClInclude Include="..\libs\pvrtextool\inc\PVRTextureHeader.h">
      <Filter>Libs\PVRTexTool\inc</Filter>
    </ClInclude>
    <ClInclude Include="..\libs\pvrtextool\inc\PVRTextureUtilities.h">
      <Filter>Libs\PVRTexTool\inc</Filter>
    </ClInclude>
    <ClInclude Include="..\libs\pvrtextool\inc\PVRTextureVersion.h">
      <Filter>Libs\PVRTexTool\inc</Filter>
    </ClInclude>
    <ClInclude Include="..\libs\pvrtextool\inc\PVRTGlobal.h">
      <Filter>Libs\PVRTexTool\inc</Filter>
    </ClInclude>
    <ClInclude Include="..\libs\pvrtextool\inc\PVRTMap.h">
      <Filter>Libs\PVRTexTool\inc</Filter>
    </ClInclude>
    <ClInclude Include="..\libs\pvrtextool\inc\PVRTString.h">
      <Filter>Libs\PVRTexTool\inc</Filter>
    </ClInclude>
    <ClInclude Include="..\libs\pvrtextool\inc\PVRTTexture.h">
      <Filter>Libs\PVRTexTool\inc</Filter>
    </ClInclude>
    <ClInclude Include="..\libs\omnilib\dpomnilib.h">
      <Filter>Libs\OmniLib</Filter>
    </ClInclude>
    <ClInclude Include="..\libs\omnilib\dpomnilibinternal.h">
      <Filter>Libs\OmniLib</Filter>
    </ClInclude>
    <ClInclude Include="..\src\tool_etc2comp.h">
      <Filter>Header Files</Filter>
    </ClInclude>
    <ClInclude Include="..\libs\etc2comp\etc2comp_lib.h">
      <Filter>Libs\Etc2Comp</Filter>
    </ClInclude>
    <ClInclude Include="..\libs\etc2comp\Etc\Etc.h">
      <Filter>Libs\Etc2Comp\Etc</Filter>
    </ClInclude>
    <ClInclude Include="..\libs\etc2comp\Etc\EtcColor.h">
      <Filter>Libs\Etc2Comp\Etc</Filter>
    </ClInclude>
    <ClInclude Include="..\libs\etc2comp\Etc\EtcColorFloatRGBA.h">
      <Filter>Libs\Etc2Comp\Etc</Filter>
    </ClInclude>
    <ClInclude Include="..\libs\etc2comp\Etc\EtcConfig.h">
      <Filter>Libs\Etc2Comp\Etc</Filter>
    </ClInclude>
    <ClInclude Include="..\libs\etc2comp\Etc\EtcImage.h">
      <Filter>Libs\Etc2Comp\Etc</Filter>
    </ClInclude>
    <ClInclude Include="..\libs\etc2comp\Etc\EtcMath.h">
      <Filter>Libs\Etc2Comp\Etc</Filter>
    </ClInclude>
    <ClInclude Include="..\libs\etc2comp\EtcCodec\EtcBlock4x4.h">
      <Filter>Libs\Etc2Comp\EtcCodec</Filter>
    </ClInclude>
    <ClInclude Include="..\libs\etc2comp\EtcCodec\EtcBlock4x4Encoding.h">
      <Filter>Libs\Etc2Comp\EtcCodec</Filter>
    </ClInclude>
    <ClInclude Include="..\libs\etc2comp\EtcCodec\EtcBlock4x4Encoding_ETC1.h">
      <Filter>Libs\Etc2Comp\EtcCodec</Filter>
    </ClInclude>
    <ClInclude Include="..\libs\etc2comp\EtcCodec\EtcBlock4x4Encoding_R11.h">
      <Filter>Libs\Etc2Comp\EtcCodec</Filter>
    </ClInclude>
    <ClInclude Include="..\libs\etc2comp\EtcCodec\EtcBlock4x4Encoding_RG11.h">
      <Filter>Libs\Etc2Comp\EtcCodec</Filter>
    </ClInclude>
    <ClInclude Include="..\libs\etc2comp\EtcCodec\EtcBlock4x4Encoding_RGB8.h">
      <Filter>Libs\Etc2Comp\EtcCodec</Filter>
    </ClInclude>
    <ClInclude Include="..\libs\etc2comp\EtcCodec\EtcBlock4x4Encoding_RGB8A1.h">
      <Filter>Libs\Etc2Comp\EtcCodec</Filter>
    </ClInclude>
    <ClInclude Include="..\libs\etc2comp\EtcCodec\EtcBlock4x4Encoding_RGBA8.h">
      <Filter>Libs\Etc2Comp\EtcCodec</Filter>
    </ClInclude>
    <ClInclude Include="..\libs\etc2comp\EtcCodec\EtcBlock4x4EncodingBits.h">
      <Filter>Libs\Etc2Comp\EtcCodec</Filter>
    </ClInclude>
    <ClInclude Include="..\libs\etc2comp\EtcCodec\EtcDifferentialTrys.h">
      <Filter>Libs\Etc2Comp\EtcCodec</Filter>
    </ClInclude>
    <ClInclude Include="..\libs\etc2comp\EtcCodec\EtcErrorMetric.h">
      <Filter>Libs\Etc2Comp\EtcCodec</Filter>
    </ClInclude>
    <ClInclude Include="..\libs\etc2comp\EtcCodec\EtcIndividualTrys.h">
      <Filter>Libs\Etc2Comp\EtcCodec</Filter>
    </ClInclude>
    <ClInclude Include="..\libs\etc2comp\EtcCodec\EtcSortedBlockList.h">
      <Filter>Libs\Etc2Comp\EtcCodec</Filter>
    </ClInclude>
    <ClInclude Include="resource.h">
      <Filter>Header Files</Filter>
    </ClInclude>
  </ItemGroup>
  <ItemGroup>
    <None Include="postbuild.bat">
      <Filter>Docs</Filter>
    </None>
    <None Include="..\README.md">
      <Filter>Docs</Filter>
    </None>
    <None Include="..\win32\rwgtex.ini">
      <Filter>Docs</Filter>
    </None>
  </ItemGroup>
  <ItemGroup>
    <ClCompile Include="..\libs\gimpdds\src\color.c">
      <Filter>Libs\GimpDDS</Filter>
    </ClCompile>
    <ClCompile Include="..\libs\gimpdds\src\dxt.cpp">
      <Filter>Libs\GimpDDS</Filter>
    </ClCompile>
    <ClCompile Include="..\libs\etcpack\etcdecwrap.cpp">
      <Filter>Libs\EtcPack</Filter>
    </ClCompile>
    <ClCompile Include="..\libs\etcpack\etcimagewrap.cpp">
      <Filter>Libs\EtcPack</Filter>
    </ClCompile>
    <ClCompile Include="..\libs\etcpack\etcpackwrap.cpp">
      <Filter>Libs\EtcPack</Filter>
    </ClCompile>
    <ClCompile Include="..\libs\rg_etc1\rg_etc1.cpp">
      <Filter>Libs\rg_etc1</Filter>
    </ClCompile>
    <ClCompile Include="..\libs\omnilib\libinternal.cpp">
      <Filter>Libs\OmniLib</Filter>
    </ClCompile>
    <ClCompile Include="..\libs\omnilib\libsprite.cpp">
      <Filter>Libs\OmniLib</Filter>
    </ClCompile>
    <ClCompile Include="..\src\codec_dxt.cpp">
      <Filter>Source Files</Filter>
    </ClCompile>
    <ClCompile Include="..\src\codec_etc1.cpp">
      <Filter>Source Files</Filter>
    </ClCompile>
    <ClCompile Include="..\src\codec_etc2.cpp">
      <Filter>Source Files</Filter>
    </ClCompile>
    <ClCompile Include="..\src\codec_pvrtc.cpp">
      <Filter>Source Files</Filter>
    </ClCompile>
    <ClCompile Include="..\src\codec_pvrtc2.cpp">
      <Filter>Source Files</Filter>
    </ClCompile>
    <ClCompile Include="..\src\codec_unc.cpp">
      <Filter>Source Files</Filter>
    </ClCompile>
    <ClCompile Include="..\src\file_dds.cpp">
      <Filter>Source Files</Filter>
    </ClCompile>
    <ClCompile Include="..\src\file_ktx.cpp">
      <Filter>Source Files</Filter>
    </ClCompile>
    <ClCompile Include="..\src\fs.cpp">
      <Filter>Source Files</Filter>
    </ClCompile>
    <ClCompile Include="..\src\image.cpp">
      <Filter>Source Files</Filter>
    </ClCompile>
    <ClCompile Include="..\src\main.cpp">
      <Filter>Source Files</Filter>
    </ClCompile>
    <ClCompile Include="..\src\options.cpp">
      <Filter>Source Files</Filter>
    </ClCompile>
    <ClCompile Include="..\src\scale2x.cpp">
      <Filter>Source Files</Filter>
    </ClCompile>
    <ClCompile Include="..\src\scalexbr.cpp">
      <Filter>Source Files</Filter>
    </ClCompile>
    <ClCompile Include="..\src\tex.cpp">
      <Filter>Source Files</Filter>
    </ClCompile>
    <ClCompile Include="..\src\tex_compress.cpp">
      <Filter>Source Files</Filter>
    </ClCompile>
    <ClCompile Include="..\src\tex_decompress.cpp">
      <Filter>Source Files</Filter>
    </ClCompile>
    <ClCompile Include="..\src\tool_atitc.cpp">
      <Filter>Source Files</Filter>
    </ClCompile>
    <ClCompile Include="..\src\tool_crunch.cpp">
      <Filter>Source Files</Filter>
    </ClCompile>
    <ClCompile Include="..\src\tool_etcpack.cpp">
      <Filter>Source Files</Filter>
    </ClCompile>
    <ClCompile Include="..\src\tool_gimp.cpp">
      <Filter>Source Files</Filter>
    </ClCompile>
    <ClCompile Include="..\src\tool_nvtt.cpp">
      <Filter>Source Files</Filter>
    </ClCompile>
    <ClCompile Include="..\src\tool_pvrtex.cpp">
      <Filter>Source Files</Filter>
    </ClCompile>
    <ClCompile Include="..\src\tool_rgetc1.cpp">
      <Filter>Source Files</Filter>
    </ClCompile>
    <ClCompile Include="..\src\tool_rwgtt.cpp">
      <Filter>Source Files</Filter>
    </ClCompile>
    <ClCompile Include="..\src\cmd.cpp">
      <Filter>Source Files\Util</Filter>
    </ClCompile>
    <ClCompile Include="..\src\crc32.cpp">
      <Filter>Source Files\Util</Filter>
    </ClCompile>
    <ClCompile Include="..\src\dll.cpp">
      <Filter>Source Files\Util</Filter>
    </ClCompile>
    <ClCompile Include="..\src\freeimage.cpp">
      <Filter>Source Files\Util</Filter>
    </ClCompile>
    <ClCompile Include="..\src\mem.cpp">
      <Filter>Source Files\Util</Filter>
    </ClCompile>
    <ClCompile Include="..\src\thread.cpp">
      <Filter>Source Files\Util</Filter>
    </ClCompile>
    <ClCompile Include="..\src\unzip.cpp">
      <Filter>Source Files\Util</Filter>
    </ClCompile>
    <ClCompile Include="..\src\zip.cpp">
      <Filter>Source Files\Util</Filter>
    </ClCompile>
    <ClCompile Include="..\libs\pvrtextool\source\PVRTDecompress.cpp">
      <Filter>Libs\PVRTexTool</Filter>
    </ClCompile>
    <ClCompile Include="..\src\tool_etc2comp.cpp">
      <Filter>Source Files</Filter>
    </ClCompile>
    <ClCompile Include="..\libs\etc2comp\Etc\Etc.cpp">
      <Filter>Libs\Etc2Comp\Etc</Filter>
    </ClCompile>
    <ClCompile Include="..\libs\etc2comp\Etc\EtcImage.cpp">
      <Filter>Libs\Etc2Comp\Etc</Filter>
    </ClCompile>
    <ClCompile Include="..\libs\etc2comp\Etc\EtcMath.cpp">
      <Filter>Libs\Etc2Comp\Etc</Filter>
    </ClCompile>
    <ClCompile Include="..\libs\etc2comp\EtcCodec\EtcBlock4x4.cpp">
      <Filter>Libs\Etc2Comp\EtcCodec</Filter>
    </ClCompile>
    <ClCompile Include="..\libs\etc2comp\EtcCodec\EtcBlock4x4Encoding.cpp">
      <Filter>Libs\Etc2Comp\EtcCodec</Filter>
    </ClCompile>
    <ClCompile Include="..\libs\etc2comp\EtcCodec\EtcBlock4x4Encoding_ETC1.cpp">
      <Filter>Libs\Etc2Comp\EtcCodec</Filter>
    </ClCompile>
    <ClCompile Include="..\libs\etc2comp\EtcCodec\EtcBlock4x4Encoding_R11.cpp">
      <Filter>Libs\Etc2Comp\EtcCodec</Filter>
    </ClCompile>
    <ClCompile Include="..\libs\etc2comp\EtcCodec\EtcBlock4x4Encoding_RG11.cpp">
      <Filter>Libs\Etc2Comp\EtcCodec</Filter>
    </ClCompile>
    <ClCompile Include="..\libs\etc2comp\EtcCodec\EtcBlock4x4Encoding_RGB8.cpp">
      <Filter>Libs\Etc2Comp\EtcCodec</Filter>
    </ClCompile>
    <ClCompile Include="..\libs\etc2comp\EtcCodec\EtcBlock4x4Encoding_RGB8A1.cpp">
      <Filter>Libs\Etc2Comp\EtcCodec</Filter>
    </ClCompile>
    <ClCompile Include="..\libs\etc2comp\EtcCodec\EtcBlock4x4Encoding_RGBA8.cpp">
      <Filter>Libs\Etc2Comp\EtcCodec</Filter>
    </ClCompile>
    <ClCompile Include="..\libs\etc2comp\EtcCodec\EtcDifferentialTrys.cpp">
      <Filter>Libs\Etc2Comp\EtcCodec</Filter>
    </ClCompile>
    <ClCompile Include="..\libs\etc2comp\EtcCodec\EtcIndividualTrys.cpp">
      <Filter>Libs\Etc2Comp\EtcCodec</Filter>
    </ClCompile>
    <ClCompile Include="..\libs\etc2comp\EtcCodec\EtcSortedBlockList.cpp">
      <Filter>Libs\Etc2Comp\EtcCodec</Filter>
    </ClCompile>
  </ItemGroup>
  <ItemGroup>
    <ResourceCompile Include="rwgtex.rc">
      <Filter>Source Files</Filter>
    </ResourceCompile>
  </ItemGroup>
  <ItemGroup>
    <Image Include="..\src\rwgtex.ico" />
  </ItemGroup>
</Project>