
Microsoft Visual Studio Solution File, Format Version 10.00
# Visual Studio 2008
Project("{8BC9CEB8-8B4A-11D0-8D11-00A0C91BC942}") = "rwgdds", "rwgdds.vcproj", "{EF16070B-8F0A-4A84-9A80-1F9E2C56E460}"
EndProject
Global
	GlobalSection(SolutionConfigurationPlatforms) = preSolution
		Release|Win32 = Release|Win32
	EndGlobalSection
	GlobalSection(ProjectConfigurationPlatforms) = postSolution
		{EF16070B-8F0A-4A84-9A80-1F9E2C56E460}.Release|Win32.ActiveCfg = Release|Win32
		{EF16070B-8F0A-4A84-9A80-1F9E2C56E460}.Release|Win32.Build.0 = Release|Win32
	EndGlobalSection
	GlobalSection(SolutionProperties) = preSolution
		HideSolutionNode = FALSE
	EndGlobalSection
EndGlobal
